
Microsoft Visual Studio Solution File, Format Version 12.00
# Visual Studio Version 17
VisualStudioVersion = 17.10.35013.160
MinimumVisualStudioVersion = 10.0.40219.1
Project("{9A19103F-16F7-4668-BE54-9A1E7A4F7556}") = "WpfExplorer", "WpfExplorer\WpfExplorer.csproj", "{40595B7D-1724-42CF-BF24-05D14889C971}"
EndProject
Project("{9A19103F-16F7-4668-BE54-9A1E7A4F7556}") = "WpfExplorer.Support", "WpfExplorer.Support\WpfExplorer.Support.csproj", "{0E6D341B-54BE-48FE-B85B-72BDEAA3CAC6}"
EndProject
Global
	GlobalSection(SolutionConfigurationPlatforms) = preSolution
		Debug|Any CPU = Debug|Any CPU
		Release|Any CPU = Release|Any CPU
	EndGlobalSection
	GlobalSection(ProjectConfigurationPlatforms) = postSolution
		{40595B7D-1724-42CF-BF24-05D14889C971}.Debug|Any CPU.ActiveCfg = Debug|Any CPU
		{40595B7D-1724-42CF-BF24-05D14889C971}.Debug|Any CPU.Build.0 = Debug|Any CPU
		{40595B7D-1724-42CF-BF24-05D14889C971}.Release|Any CPU.ActiveCfg = Release|Any CPU
		{40595B7D-1724-42CF-BF24-05D14889C971}.Release|Any CPU.Build.0 = Release|Any CPU
		{0E6D341B-54BE-48FE-B85B-72BDEAA3CAC6}.Debug|Any CPU.ActiveCfg = Debug|Any CPU
		{0E6D341B-54BE-48FE-B85B-72BDEAA3CAC6}.Debug|Any CPU.Build.0 = Debug|Any CPU
		{0E6D341B-54BE-48FE-B85B-72BDEAA3CAC6}.Release|Any CPU.ActiveCfg = Release|Any CPU
		{0E6D341B-54BE-48FE-B85B-72BDEAA3CAC6}.Release|Any CPU.Build.0 = Release|Any CPU
	EndGlobalSection
	GlobalSection(SolutionProperties) = preSolution
		HideSolutionNode = FALSE
	EndGlobalSection
	GlobalSection(ExtensibilityGlobals) = postSolution
		SolutionGuid = {3ED40EE9-2531-487C-9513-449FF63145A4}
	EndGlobalSection
EndGlobal
